<?xml version="1.0" encoding="utf-8"?>
<Project ToolsVersion="4.0" xmlns="http://schemas.microsoft.com/developer/msbuild/2003">
  <ItemGroup>
    <Filter Include="Source Files">
      <UniqueIdentifier>{4FC737F1-C7A5-4376-A066-2A32D752A2FF}</UniqueIdentifier>
      <Extensions>cpp;c;cc;cxx;c++;cppm;ixx;def;odl;idl;hpj;bat;asm;asmx</Extensions>
    </Filter>
    <Filter Include="Header Files">
      <UniqueIdentifier>{93995380-89BD-4b04-88EB-625FBE52EBFB}</UniqueIdentifier>
      <Extensions>h;hh;hpp;hxx;h++;hm;inl;inc;ipp;xsd</Extensions>
    </Filter>
    <Filter Include="Resource Files">
      <UniqueIdentifier>{67DA6AB6-F800-4c08-8B7A-83BB121AAD01}</UniqueIdentifier>
      <Extensions>rc;ico;cur;bmp;dlg;rc2;rct;bin;rgs;gif;jpg;jpeg;jpe;resx;tiff;tif;png;wav;mfcribbon-ms</Extensions>
    </Filter>
    <Filter Include="Media">
      <UniqueIdentifier>{fd94aff1-7048-4168-966a-088e42b11ed6}</UniqueIdentifier>
    </Filter>
  </ItemGroup>
  <ItemGroup>
    <ClCompile Include="main.cpp">
      <Filter>Source Files</Filter>
    </ClCompile>
    <ClCompile Include="input.cpp">
      <Filter>Source Files</Filter>
    </ClCompile>
    <ClCompile Include="keyboard.cpp">
      <Filter>Source Files</Filter>
    </ClCompile>
    <ClCompile Include="sdl_shim.cpp">
      <Filter>Source Files</Filter>
    </ClCompile>
    <ClCompile Include="joystiq_stub.cpp">
      <Filter>Source Files</Filter>
    </ClCompile>
    <ClCompile Include="mouse_stub.cpp">
      <Filter>Source Files</Filter>
    </ClCompile>
    <ClCompile Include="video.cpp">
      <Filter>Source Files</Filter>
    </ClCompile>
    <ClCompile Include="video_scale_stub.cpp">
      <Filter>Source Files</Filter>
    </ClCompile>
    <ClCompile Include="palette.cpp">
      <Filter>Source Files</Filter>
    </ClCompile>
    <ClCompile Include="nortsong.cpp">
      <Filter>Source Files</Filter>
    </ClCompile>
    <ClCompile Include="file.cpp">
      <Filter>Source Files</Filter>
    </ClCompile>
    <ClCompile Include="params.cpp">
      <Filter>Source Files</Filter>
    </ClCompile>
    <ClCompile Include="sndmast.cpp">
      <Filter>Source Files</Filter>
    </ClCompile>
    <ClCompile Include="musmast.cpp">
      <Filter>Source Files</Filter>
    </ClCompile>
    <ClCompile Include="loudness.cpp">
      <Filter>Source Files</Filter>
    </ClCompile>
    <ClCompile Include="opl.cpp">
      <Filter>Source Files</Filter>
    </ClCompile>
    <ClCompile Include="lds_play.cpp">
      <Filter>Source Files</Filter>
    </ClCompile>
    <ClCompile Include="opentyr.cpp">
      <Filter>Source Files</Filter>
    </ClCompile>
    <ClCompile Include="game_stubs.cpp">
      <Filter>Source Files</Filter>
    </ClCompile>
    <ClCompile Include="mtrand.cpp">
      <Filter>Source Files</Filter>
    </ClCompile>
    <ClCompile Include="xmas.cpp">
      <Filter>Source Files</Filter>
    </ClCompile>
    <ClCompile Include="varz.cpp">
      <Filter>Source Files</Filter>
    </ClCompile>
    <ClCompile Include="episodes.cpp">
      <Filter>Source Files</Filter>
    </ClCompile>
    <ClCompile Include="helptext.cpp">
      <Filter>Source Files</Filter>
    </ClCompile>
    <ClCompile Include="editship.cpp">
      <Filter>Source Files</Filter>
    </ClCompile>
    <ClCompile Include="sprite.cpp">
      <Filter>Source Files</Filter>
    </ClCompile>
    <ClCompile Include="crt_compat.cpp">
      <Filter>Source Files</Filter>
    </ClCompile>
    <ClCompile Include="vga256d.cpp">
      <Filter>Source Files</Filter>
    </ClCompile>
    <ClCompile Include="fonthand.cpp">
      <Filter>Source Files</Filter>
    </ClCompile>
    <ClCompile Include="font.cpp">
      <Filter>Source Files</Filter>
    </ClCompile>
    <ClCompile Include="nortvars.cpp">
      <Filter>Source Files</Filter>
    </ClCompile>
    <ClCompile Include="player.cpp">
      <Filter>Source Files</Filter>
    </ClCompile>
    <ClCompile Include="lvllib.cpp">
      <Filter>Source Files</Filter>
    </ClCompile>
    <ClCompile Include="shots.cpp">
      <Filter>Source Files</Filter>
    </ClCompile>
    <ClCompile Include="config.cpp">
      <Filter>Source Files</Filter>
    </ClCompile>
    <ClCompile Include="menus.cpp">
      <Filter>Source Files</Filter>
    </ClCompile>
    <ClCompile Include="config_file.cpp">
      <Filter>Source Files</Filter>
    </ClCompile>
    <ClCompile Include="picload.cpp">
      <Filter>Source Files</Filter>
    </ClCompile>
    <ClCompile Include="pcxload.cpp">
      <Filter>Source Files</Filter>
    </ClCompile>
    <ClCompile Include="pcxmast.cpp">
      <Filter>Source Files</Filter>
    </ClCompile>
    <ClCompile Include="animlib.cpp">
      <Filter>Source Files</Filter>
    </ClCompile>
    <ClCompile Include="sizebuf.cpp">
      <Filter>Source Files</Filter>
    </ClCompile>
    <ClCompile Include="lvlmast.cpp">
      <Filter>Source Files</Filter>
    </ClCompile>
    <ClCompile Include="vga_palette.cpp">
      <Filter>Source Files</Filter>
    </ClCompile>
    <ClCompile Include="starlib.cpp">
      <Filter>Source Files</Filter>
    </ClCompile>
    <ClCompile Include="backgrnd.cpp">
      <Filter>Source Files</Filter>
    </ClCompile>
    <ClCompile Include="jukebox.cpp">
      <Filter>Source Files</Filter>
    </ClCompile>
    <ClCompile Include="game_menu.cpp">
      <Filter>Source Files</Filter>
    </ClCompile>
    <ClCompile Include="destruct.cpp">
      <Filter>Source Files</Filter>
    </ClCompile>
    <ClCompile Include="mainint.cpp">
      <Filter>Source Files</Filter>
    </ClCompile>
    <ClCompile Include="tyrian2.cpp">
      <Filter>Source Files</Filter>
    </ClCompile>
    <ClCompile Include="xbox_config.cpp">
      <Filter>Source Files</Filter>
    </ClCompile>
  </ItemGroup>
  <ItemGroup>
    <Text Include="Media\Copy Assets Here.txt">
      <Filter>Media</Filter>
    </Text>
  </ItemGroup>
  <ItemGroup>
    <ClInclude Include="input.h">
      <Filter>Header Files</Filter>
    </ClInclude>
    <ClInclude Include="keyboard.h">
      <Filter>Header Files</Filter>
    </ClInclude>
    <ClInclude Include="opentyr.h">
      <Filter>Header Files</Filter>
    </ClInclude>
    <ClInclude Include="sdl.h">
      <Filter>Header Files</Filter>
    </ClInclude>
    <ClInclude Include="sdl_types.h">
      <Filter>Header Files</Filter>
    </ClInclude>
    <ClInclude Include="sdl_endian.h">
      <Filter>Header Files</Filter>
    </ClInclude>
    <ClInclude Include="stdbool.h">
      <Filter>Header Files</Filter>
    </ClInclude>
    <ClInclude Include="joystick.h">
      <Filter>Header Files</Filter>
    </ClInclude>
    <ClInclude Include="config_file.h">
      <Filter>Header Files</Filter>
    </ClInclude>
    <ClInclude Include="mouse.h">
      <Filter>Header Files</Filter>
    </ClInclude>
    <ClInclude Include="palette.h">
      <Filter>Header Files</Filter>
    </ClInclude>
    <ClInclude Include="video.h">
      <Filter>Header Files</Filter>
    </ClInclude>
    <ClInclude Include="video_scale.h">
      <Filter>Header Files</Filter>
    </ClInclude>
    <ClInclude Include="file.h">
      <Filter>Header Files</Filter>
    </ClInclude>
    <ClInclude Include="loudness.h">
      <Filter>Header Files</Filter>
    </ClInclude>
    <ClInclude Include="musmast.h">
      <Filter>Header Files</Filter>
    </ClInclude>
    <ClInclude Include="nortsong.h">
      <Filter>Header Files</Filter>
    </ClInclude>
    <ClInclude Include="params.h">
      <Filter>Header Files</Filter>
    </ClInclude>
    <ClInclude Include="vga256d.h">
      <Filter>Header Files</Filter>
    </ClInclude>
    <ClInclude Include="opl.h">
      <Filter>Header Files</Filter>
    </ClInclude>
    <ClInclude Include="lds_play.h">
      <Filter>Header Files</Filter>
    </ClInclude>
    <ClInclude Include="stdint.h">
      <Filter>Header Files</Filter>
    </ClInclude>
    <ClInclude Include="varz.h">
      <Filter>Header Files</Filter>
    </ClInclude>
    <ClInclude Include="episodes.h">
      <Filter>Header Files</Filter>
    </ClInclude>
    <ClInclude Include="player.h">
      <Filter>Header Files</Filter>
    </ClInclude>
    <ClInclude Include="sprite.h">
      <Filter>Header Files</Filter>
    </ClInclude>
    <ClInclude Include="config.h">
      <Filter>Header Files</Filter>
    </ClInclude>
    <ClInclude Include="lvlmast.h">
      <Filter>Header Files</Filter>
    </ClInclude>
    <ClInclude Include="destruct.h">
      <Filter>Header Files</Filter>
    </ClInclude>
    <ClInclude Include="editship.h">
      <Filter>Header Files</Filter>
    </ClInclude>
    <ClInclude Include="font.h">
      <Filter>Header Files</Filter>
    </ClInclude>
    <ClInclude Include="helptext.h">
      <Filter>Header Files</Filter>
    </ClInclude>
    <ClInclude Include="jukebox.h">
      <Filter>Header Files</Filter>
    </ClInclude>
    <ClInclude Include="mainint.h">
      <Filter>Header Files</Filter>
    </ClInclude>
    <ClInclude Include="mtrand.h">
      <Filter>Header Files</Filter>
    </ClInclude>
    <ClInclude Include="network.h">
      <Filter>Header Files</Filter>
    </ClInclude>
    <ClInclude Include="nortvars.h">
      <Filter>Header Files</Filter>
    </ClInclude>
    <ClInclude Include="opentyrian_version.h">
      <Filter>Header Files</Filter>
    </ClInclude>
    <ClInclude Include="pcxload.h">
      <Filter>Header Files</Filter>
    </ClInclude>
    <ClInclude Include="sndmast.h">
      <Filter>Header Files</Filter>
    </ClInclude>
    <ClInclude Include="tyrian2.h">
      <Filter>Header Files</Filter>
    </ClInclude>
    <ClInclude Include="xmas.h">
      <Filter>Header Files</Filter>
    </ClInclude>
    <ClInclude Include="fonthand.h">
      <Filter>Header Files</Filter>
    </ClInclude>
    <ClInclude Include="picload.h">
      <Filter>Header Files</Filter>
    </ClInclude>
    <ClInclude Include="lvllib.h">
      <Filter>Header Files</Filter>
    </ClInclude>
    <ClInclude Include="menus.h">
      <Filter>Header Files</Filter>
    </ClInclude>
    <ClInclude Include="shots.h">
      <Filter>Header Files</Filter>
    </ClInclude>
    <ClInclude Include="pcxmast.h">
      <Filter>Header Files</Filter>
    </ClInclude>
    <ClInclude Include="animlib.h">
      <Filter>Header Files</Filter>
    </ClInclude>
    <ClInclude Include="sizebuf.h">
      <Filter>Header Files</Filter>
    </ClInclude>
    <ClInclude Include="vga_palette.h">
      <Filter>Header Files</Filter>
    </ClInclude>
    <ClInclude Include="starlib.h">
      <Filter>Header Files</Filter>
    </ClInclude>
    <ClInclude Include="backgrnd.h">
      <Filter>Header Files</Filter>
    </ClInclude>
    <ClInclude Include="game_menu.h">
      <Filter>Header Files</Filter>
    </ClInclude>
    <ClInclude Include="darkone83_splash.h">
      <Filter>Header Files</Filter>
    </ClInclude>
    <ClInclude Include="rxdk_splash.h">
      <Filter>Header Files</Filter>
    </ClInclude>
    <ClInclude Include="xbox_config.h">
      <Filter>Header Files</Filter>
    </ClInclude>
  </ItemGroup>
</Project>